
Microsoft Visual Studio Solution File, Format Version 12.00
# Visual Studio 15
VisualStudioVersion = 15.0.28010.2016
MinimumVisualStudioVersion = 10.0.40219.1
Project("{FAE04EC0-301F-11D3-BF4B-00C04F79EFBC}") = "Cay", "Cay\Cay.csproj", "{DB172323-588A-4356-8C93-4ABB5637C67F}"
EndProject
Global
	GlobalSection(SolutionConfigurationPlatforms) = preSolution
		Debug|Any CPU = Debug|Any CPU
		Release|Any CPU = Release|Any CPU
	EndGlobalSection
	GlobalSection(ProjectConfigurationPlatforms) = postSolution
		{DB172323-588A-4356-8C93-4ABB5637C67F}.Debug|Any CPU.ActiveCfg = Debug|Any CPU
		{DB172323-588A-4356-8C93-4ABB5637C67F}.Debug|Any CPU.Build.0 = Debug|Any CPU
		{DB172323-588A-4356-8C93-4ABB5637C67F}.Release|Any CPU.ActiveCfg = Release|Any CPU
		{DB172323-588A-4356-8C93-4ABB5637C67F}.Release|Any CPU.Build.0 = Release|Any CPU
	EndGlobalSection
	GlobalSection(SolutionProperties) = preSolution
		HideSolutionNode = FALSE
	EndGlobalSection
	GlobalSection(ExtensibilityGlobals) = postSolution
		SolutionGuid = {504FE87D-F456-4E50-A859-2BB008C45010}
	EndGlobalSection
EndGlobal
